Microsoft Visual Studio Solution File, Format Version 11.00
# Visual Studio 2010
Project("{FAE04EC0-301F-11D3-BF4B-00C04F79EFBC}") = "AjaxSupport", "AjaxSupport\AjaxSupport.csproj", "{F31E0AFC-91CF-46C5-B804-39D2F2642402}"
EndProject
Global
	GlobalSection(SolutionConfigurationPlatforms) = preSolution
		Debug|Any CPU = Debug|Any CPU
		DebugTest|Any CPU = DebugTest|Any CPU
		DebugTestWithGAC|Any CPU = DebugTestWithGAC|Any CPU
		DebugWithGAC|Any CPU = DebugWithGAC|Any CPU
		Release|Any CPU = Release|Any CPU
	EndGlobalSection
	GlobalSection(ProjectConfigurationPlatforms) = postSolution
		{F31E0AFC-91CF-46C5-B804-39D2F2642402}.Debug|Any CPU.ActiveCfg = Debug|Any CPU
		{F31E0AFC-91CF-46C5-B804-39D2F2642402}.Debug|Any CPU.Build.0 = Debug|Any CPU
		{F31E0AFC-91CF-46C5-B804-39D2F2642402}.DebugTest|Any CPU.ActiveCfg = Debug|Any CPU
		{F31E0AFC-91CF-46C5-B804-39D2F2642402}.DebugTest|Any CPU.Build.0 = Debug|Any CPU
		{F31E0AFC-91CF-46C5-B804-39D2F2642402}.DebugTestWithGAC|Any CPU.ActiveCfg = Debug|Any CPU
		{F31E0AFC-91CF-46C5-B804-39D2F2642402}.DebugTestWithGAC|Any CPU.Build.0 = Debug|Any CPU
		{F31E0AFC-91CF-46C5-B804-39D2F2642402}.DebugWithGAC|Any CPU.ActiveCfg = Debug|Any CPU
		{F31E0AFC-91CF-46C5-B804-39D2F2642402}.DebugWithGAC|Any CPU.Build.0 = Debug|Any CPU
		{F31E0AFC-91CF-46C5-B804-39D2F2642402}.Release|Any CPU.ActiveCfg = Release|Any CPU
		{F31E0AFC-91CF-46C5-B804-39D2F2642402}.Release|Any CPU.Build.0 = Release|Any CPU
	EndGlobalSection
	GlobalSection(SolutionProperties) = preSolution
		HideSolutionNode = FALSE
	EndGlobalSection
EndGlobal
